// !$*UTF8*$!
{
	archiveVersion = 1;
	classes = {
	};
	objectVersion = 46;
	objects = {

/* Begin PBXBuildFile section */
		C55F93791F06432B0008B3B8 /* AppDelegate.swift in Sources */ = {isa = PBXBuildFile; fileRef = C55F93781F06432B0008B3B8 /* AppDelegate.swift */; };
		C55F937B1F06432B0008B3B8 /* ViewController.swift in Sources */ = {isa = PBXBuildFile; fileRef = C55F937A1F06432B0008B3B8 /* ViewController.swift */; };
		C55F937E1F06432B0008B3B8 /* Main.storyboard in Resources */ = {isa = PBXBuildFile; fileRef = C55F937C1F06432B0008B3B8 /* Main.storyboard */; };
		C55F93801F06432B0008B3B8 /* Assets.xcassets in Resources */ = {isa = PBXBuildFile; fileRef = C55F937F1F06432B0008B3B8 /* Assets.xcassets */; };
		C55F93831F06432B0008B3B8 /* LaunchScreen.storyboard in Resources */ = {isa = PBXBuildFile; fileRef = C55F93811F06432B0008B3B8 /* LaunchScreen.storyboard */; };
/* End PBXBuildFile section */

/* Begin PBXFileReference section */
		C55F93751F06432B0008B3B8 /* CarHire.app */ = {isa = PBXFileReference; explicitFileType = wrapper.application; includeInIndex = 0; path = CarHire.app; sourceTree = BUILT_PRODUCTS_DIR; };
		C55F93781F06432B0008B3B8 /* AppDelegate.swift */ = {isa = PBXFileReference; lastKnownFileType = sourcecode.swift; path = AppDelegate.swift; sourceTree = "<group>"; };
		C55F937A1F06432B0008B3B8 /* ViewController.swift */ = {isa = PBXFileReference; lastKnownFileType = sourcecode.swift; path = ViewController.swift; sourceTree = "<group>"; };
		C55F937D1F06432B0008B3B8 /* Base */ = {isa = PBXFileReference; lastKnownFileType = file.storyboard; name = Base; path = Base.lproj/Main.storyboard; sourceTree = "<group>"; };
		C55F937F1F06432B0008B3B8 /* Assets.xcassets */ = {isa = PBXFileReference; lastKnownFileType = folder.assetcatalog; path = Assets.xcassets; sourceTree = "<group>"; };
		C55F93821F06432B0008B3B8 /* Base */ = {isa = PBXFileReference; lastKnownFileType = file.storyboard; name = Base; path = Base.lproj/LaunchScreen.storyboard; sourceTree = "<group>"; };
		C55F93841F06432B0008B3B8 /* Info.plist */ = {isa = PBXFileReference; lastKnownFileType = text.plist.xml; path = Info.plist; sourceTree = "<group>"; };
/* End PBXFileReference section */

/* Begin PBXFrameworksBuildPhase section */
		C55F93721F06432B0008B3B8 /* Frameworks */ = {
			isa = PBXFrameworksBuildPhase;
			buildActionMask = 2147483647;
			files = (
			);
			runOnlyForDeploymentPostprocessing = 0;
		};
/* End PBXFrameworksBuildPhase section */

/* Begin PBXGroup section */
		C55F936C1F06432B0008B3B8 = {
			isa = PBXGroup;
			children = (
				C55F93771F06432B0008B3B8 /* CarHire */,
				C55F93761F06432B0008B3B8 /* Products */,
			);
			sourceTree = "<group>";
		};
		C55F93761F06432B0008B3B8 /* Products */ = {
			isa = PBXGroup;
			children = (
				C55F93751F06432B0008B3B8 /* CarHire.app */,
			);
			name = Products;
			sourceTree = "<group>";
		};
		C55F93771F06432B0008B3B8 /* CarHire */ = {
			isa = PBXGroup;
			children = (
				C55F93781F06432B0008B3B8 /* AppDelegate.swift */,
				C55F937A1F06432B0008B3B8 /* ViewController.swift */,
				C55F937C1F06432B0008B3B8 /* Main.storyboard */,
				C55F937F1F06432B0008B3B8 /* Assets.xcassets */,
				C55F93811F06432B0008B3B8 /* LaunchScreen.storyboard */,
				C55F93841F06432B0008B3B8 /* Info.plist */,
			);
			path = CarHire;
			sourceTree = "<group>";
		};
/* End PBXGroup section */

/* Begin PBXNativeTarget section */
		C55F93741F06432B0008B3B8 /* CarHire */ = {
			isa = PBXNativeTarget;
			buildConfigurationList = C55F93871F06432B0008B3B8 /* Build configuration list for PBXNativeTarget "CarHire" */;
			buildPhases = (
				C55F93711F06432B0008B3B8 /* Sources */,
				C55F93721F06432B0008B3B8 /* Frameworks */,
				C55F93731F06432B0008B3B8 /* Resources */,
			);
			buildRules = (
			);
			dependencies = (
			);
			name = CarHire;
			productName = CarHire;
			productReference = C55F93751F06432B0008B3B8 /* CarHire.app */;
			productType = "com.apple.product-type.application";
		};
/* End PBXNativeTarget section */

/* Begin PBXProject section */
		C55F936D1F06432B0008B3B8 /* Project object */ = {
			isa = PBXProject;
			attributes = {
				LastSwiftUpdateCheck = 0830;
				LastUpgradeCheck = 0830;
				ORGANIZATIONNAME = "ASK ONLINE";
				TargetAttributes = {
					C55F93741F06432B0008B3B8 = {
						CreatedOnToolsVersion = 8.3.2;
						DevelopmentTeam = WCS5VHGS6Z;
						ProvisioningStyle = Automatic;
					};
				};
			};
			buildConfigurationList = C55F93701F06432B0008B3B8 /* Build configuration list for PBXProject "CarHire" */;
			compatibilityVersion = "Xcode 3.2";
			developmentRegion = English;
			hasScannedForEncodings = 0;
			knownRegions = (
				en,
				Base,
			);
			mainGroup = C55F936C1F06432B0008B3B8;
			productRefGroup = C55F93761F06432B0008B3B8 /* Products */;
			projectDirPath = "";
			projectRoot = "";
			targets = (
				C55F93741F06432B0008B3B8 /* CarHire */,
			);
		};
/* End PBXProject section */

/* Begin PBXResourcesBuildPhase section */
		C55F93731F06432B0008B3B8 /* Resources */ = {
			isa = PBXResourcesBuildPhase;
			buildActionMask = 2147483647;
			files = (
				C55F93831F06432B0008B3B8 /* LaunchScreen.storyboard in Resources */,
				C55F93801F06432B0008B3B8 /* Assets.xcassets in Resources */,
				C55F937E1F06432B0008B3B8 /* Main.storyboard in Resources */,
			);
			runOnlyForDeploymentPostprocessing = 0;
		};
/* End PBXResourcesBuildPhase section */

/* Begin PBXSourcesBuildPhase section */
		C55F93711F06432B0008B3B8 /* Sources */ = {
			isa = PBXSourcesBuildPhase;
			buildActionMask = 2147483647;
			files = (
				C55F937B1F06432B0008B3B8 /* ViewController.swift in Sources */,
				C55F93791F06432B0008B3B8 /* AppDelegate.swift in Sources */,
			);
			runOnlyForDeploymentPostprocessing = 0;
		};
/* End PBXSourcesBuildPhase section */

/* Begin PBXVariantGroup section */
		C55F937C1F06432B0008B3B8 /* Main.storyboard */ = {
			isa = PBXVariantGroup;
			children = (
				C55F937D1F06432B0008B3B8 /* Base */,
			);
			name = Main.storyboard;
			sourceTree = "<group>";
		};
		C55F93811F06432B0008B3B8 /* LaunchScreen.storyboard */ = {
			isa = PBXVariantGroup;
			children = (
				C55F93821F06432B0008B3B8 /* Base */,
			);
			name = LaunchScreen.storyboard;
			sourceTree = "<group>";
		};
/* End PBXVariantGroup section */

/* Begin XCBuildConfiguration section */
		C55F93851F06432B0008B3B8 /* Debug */ = {
			isa = XCBuildConfiguration;
			buildSettings = {
				ALWAYS_SEARCH_USER_PATHS = NO;
				CLANG_ANALYZER_NONNULL = YES;
				CLANG_ANALYZER_NUMBER_OBJECT_CONVERSION = YES_AGGRESSIVE;
				CLANG_CXX_LANGUAGE_STANDARD = "gnu++0x";
				CLANG_CXX_LIBRARY = "libc++";
				CLANG_ENABLE_MODULES = YES;
				CLANG_ENABLE_OBJC_ARC = YES;
				CLANG_WARN_BOOL_CONVERSION = YES;
				CLANG_WARN_CONSTANT_CONVERSION = YES;
				CLANG_WARN_DIRECT_OBJC_ISA_USAGE = YES_ERROR;
				CLANG_WARN_DOCUMENTATION_COMMENTS = YES;
				CLANG_WARN_EMPTY_BODY = YES;
				CLANG_WARN_ENUM_CONVERSION = YES;
				CLANG_WARN_INFINITE_RECURSION = YES;
				CLANG_WARN_INT_CONVERSION = YES;
				CLANG_WARN_OBJC_ROOT_CLASS = YES_ERROR;
				CLANG_WARN_SUSPICIOUS_MOVE = YES;
				CLANG_WARN_UNREACHABLE_CODE = YES;
				CLANG_WARN__DUPLICATE_METHOD_MATCH = YES;
				"CODE_SIGN_IDENTITY[sdk=iphoneos*]" = "iPhone Developer";
				COPY_PHASE_STRIP = NO;
				DEBUG_INFORMATION_FORMAT = dwarf;
				ENABLE_STRICT_OBJC_MSGSEND = YES;
				ENABLE_TESTABILITY = YES;
				GCC_C_LANGUAGE_STANDARD = gnu99;
				GCC_DYNAMIC_NO_PIC = NO;
				GCC_NO_COMMON_BLOCKS = YES;
				GCC_OPTIMIZATION_LEVEL = 0;
				GCC_PREPROCESSOR_DEFINITIONS = (
					"DEBUG=1",
					"$(inherited)",
				);
				GCC_WARN_64_TO_32_BIT_CONVERSION = YES;
				GCC_WARN_ABOUT_RETURN_TYPE = YES_ERROR;
				GCC_WARN_UNDECLARED_SELECTOR = YES;
				GCC_WARN_UNINITIALIZED_AUTOS = YES_AGGRESSIVE;
				GCC_WARN_UNUSED_FUNCTION = YES;
				GCC_WARN_UNUSED_VARIABLE = YES;
				IPHONEOS_DEPLOYMENT_TARGET = 10.3;
				MTL_ENABLE_DEBUG_INFO = YES;
				ONLY_ACTIVE_ARCH = YES;
				SDKROOT = iphoneos;
				SWIFT_ACTIVE_COMPILATION_CONDITIONS = DEBUG;
				SWIFT_OPTIMIZATION_LEVEL = "-Onone";
			};
			name = Debug;
		};
		C55F93861F06432B0008B3B8 /* Release */ = {
			isa = XCBuildConfiguration;
			buildSettings = {
				ALWAYS_SEARCH_USER_PATHS = NO;
				CLANG_ANALYZER_NONNULL = YES;
				CLANG_ANALYZER_NUMBER_OBJECT_CONVERSION = YES_AGGRESSIVE;
				CLANG_CXX_LANGUAGE_STANDARD = "gnu++0x";
				CLANG_CXX_LIBRARY = "libc++";
				CLANG_ENABLE_MODULES = YES;
				CLANG_ENABLE_OBJC_ARC = YES;
				CLANG_WARN_BOOL_CONVERSION = YES;
				CLANG_WARN_CONSTANT_CONVERSION = YES;
				CLANG_WARN_DIRECT_OBJC_ISA_USAGE = YES_ERROR;
				CLANG_WARN_DOCUMENTATION_COMMENTS = YES;
				CLANG_WARN_EMPTY_BODY = YES;
				CLANG_WARN_ENUM_CONVERSION = YES;
				CLANG_WARN_INFINITE_RECURSION = YES;
				CLANG_WARN_INT_CONVERSION = YES;
				CLANG_WARN_OBJC_ROOT_CLASS = YES_ERROR;
				CLANG_WARN_SUSPICIOUS_MOVE = YES;
				CLANG_WARN_UNREACHABLE_CODE = YES;
				CLANG_WARN__DUPLICATE_METHOD_MATCH = YES;
				"CODE_SIGN_IDENTITY[sdk=iphoneos*]" = "iPhone Developer";
				COPY_PHASE_STRIP = NO;
				DEBUG_INFORMATION_FORMAT = "dwarf-with-dsym";
				ENABLE_NS_ASSERTIONS = NO;
				ENABLE_STRICT_OBJC_MSGSEND = YES;
				GCC_C_LANGUAGE_STANDARD = gnu99;
				GCC_NO_COMMON_BLOCKS = YES;
				GCC_WARN_64_TO_32_BIT_CONVERSION = YES;
				GCC_WARN_ABOUT_RETURN_TYPE = YES_ERROR;
				GCC_WARN_UNDECLARED_SELECTOR = YES;
				GCC_WARN_UNINITIALIZED_AUTOS = YES_AGGRESSIVE;
				GCC_WARN_UNUSED_FUNCTION = YES;
				GCC_WARN_UNUSED_VARIABLE = YES;
				IPHONEOS_DEPLOYMENT_TARGET = 10.3;
				MTL_ENABLE_DEBUG_INFO = NO;
				SDKROOT = iphoneos;
				SWIFT_OPTIMIZATION_LEVEL = "-Owholemodule";
				VALIDATE_PRODUCT = YES;
			};
			name = Release;
		};
		C55F93881F06432B0008B3B8 /* Debug */ = {
			isa = XCBuildConfiguration;
			buildSettings = {
				ASSETCATALOG_COMPILER_APPICON_NAME = AppIcon;
				DEVELOPMENT_TEAM = WCS5VHGS6Z;
				INFOPLIST_FILE = CarHire/Info.plist;
				LD_RUNPATH_SEARCH_PATHS = "$(inherited) @executable_path/Frameworks";
				PRODUCT_BUNDLE_IDENTIFIER = Com.askonline.CarHire;
				PRODUCT_NAME = "$(TARGET_NAME)";
				SWIFT_VERSION = 3.0;
			};
			name = Debug;
		};
		C55F93891F06432B0008B3B8 /* Release */ = {
			isa = XCBuildConfiguration;
			buildSettings = {
				ASSETCATALOG_COMPILER_APPICON_NAME = AppIcon;
				DEVELOPMENT_TEAM = WCS5VHGS6Z;
				INFOPLIST_FILE = CarHire/Info.plist;
				LD_RUNPATH_SEARCH_PATHS = "$(inherited) @executable_path/Frameworks";
				PRODUCT_BUNDLE_IDENTIFIER = Com.askonline.CarHire;
				PRODUCT_NAME = "$(TARGET_NAME)";
				SWIFT_VERSION = 3.0;
			};
			name = Release;
		};
/* End XCBuildConfiguration section */

/* Begin XCConfigurationList section */
		C55F93701F06432B0008B3B8 /* Build configuration list for PBXProject "CarHire" */ = {
			isa = XCConfigurationList;
			buildConfigurations = (
				C55F93851F06432B0008B3B8 /* Debug */,
				C55F93861F06432B0008B3B8 /* Release */,
			);
			defaultConfigurationIsVisible = 0;
			defaultConfigurationName = Release;
		};
		C55F93871F06432B0008B3B8 /* Build configuration list for PBXNativeTarget "CarHire" */ = {
			isa = XCConfigurationList;
			buildConfigurations = (
				C55F93881F06432B0008B3B8 /* Debug */,
				C55F93891F06432B0008B3B8 /* Release */,
			);
			defaultConfigurationIsVisible = 0;
		};
/* End XCConfigurationList section */
	};
	rootObject = C55F936D1F06432B0008B3B8 /* Project object */;
}
